
Microsoft Visual Studio Solution File, Format Version 12.00
# Visual Studio Version 17
VisualStudioVersion = 17.3.32929.385
MinimumVisualStudioVersion = 10.0.40219.1
Project("{9A19103F-16F7-4668-BE54-9A1E7A4F7556}") = "UserAuthUsingAWSCognito.Web", "UserAuthUsingAWSCognito.Web\UserAuthUsingAWSCognito.Web.csproj", "{5169DC6F-65F2-4C50-B81C-89DB720DF25E}"
EndProject
Project("{FAE04EC0-301F-11D3-BF4B-00C04F79EFBC}") = "UserAuthUsingAWSCognito.UnitTest", "UserAuthUsingAWSCognito.UnitTest\UserAuthUsingAWSCognito.UnitTest.csproj", "{D82A8B3D-CC58-45D0-81A9-B26AA0B0377B}"
EndProject
Global
	GlobalSection(SolutionConfigurationPlatforms) = preSolution
		Debug|Any CPU = Debug|Any CPU
		Release|Any CPU = Release|Any CPU
	EndGlobalSection
	GlobalSection(ProjectConfigurationPlatforms) = postSolution
		{5169DC6F-65F2-4C50-B81C-89DB720DF25E}.Debug|Any CPU.ActiveCfg = Debug|Any CPU
		{5169DC6F-65F2-4C50-B81C-89DB720DF25E}.Debug|Any CPU.Build.0 = Debug|Any CPU
		{5169DC6F-65F2-4C50-B81C-89DB720DF25E}.Release|Any CPU.ActiveCfg = Release|Any CPU
		{5169DC6F-65F2-4C50-B81C-89DB720DF25E}.Release|Any CPU.Build.0 = Release|Any CPU
		{D82A8B3D-CC58-45D0-81A9-B26AA0B0377B}.Debug|Any CPU.ActiveCfg = Debug|Any CPU
		{D82A8B3D-CC58-45D0-81A9-B26AA0B0377B}.Debug|Any CPU.Build.0 = Debug|Any CPU
		{D82A8B3D-CC58-45D0-81A9-B26AA0B0377B}.Release|Any CPU.ActiveCfg = Release|Any CPU
		{D82A8B3D-CC58-45D0-81A9-B26AA0B0377B}.Release|Any CPU.Build.0 = Release|Any CPU
	EndGlobalSection
	GlobalSection(SolutionProperties) = preSolution
		HideSolutionNode = FALSE
	EndGlobalSection
	GlobalSection(ExtensibilityGlobals) = postSolution
		SolutionGuid = {6A9F3BEA-24F5-4AD6-9653-5871B1C03D99}
	EndGlobalSection
EndGlobal
